
Microsoft Visual Studio Solution File, Format Version 12.00
# Visual Studio 15
VisualStudioVersion = 15.0.26430.13
MinimumVisualStudioVersion = 10.0.40219.1
Project("{FAE04EC0-301F-11D3-BF4B-00C04F79EFBC}") = "01.SinoTheWalker", "01.SinoTheWalker\01.SinoTheWalker.csproj", "{0CC3C990-6EA2-4E9D-A965-DE1732B72FF0}"
EndProject
Project("{FAE04EC0-301F-11D3-BF4B-00C04F79EFBC}") = "02.SoftuniKaraoke", "02.SoftuniKaraoke\02.SoftuniKaraoke.csproj", "{47BA22A7-CFC4-4CA3-BB04-0FFB9A3BB677}"
EndProject
Project("{FAE04EC0-301F-11D3-BF4B-00C04F79EFBC}") = "03.EnduranceRally", "03.EnduranceRally\03.EnduranceRally.csproj", "{F16616F8-EABF-449C-9876-6C3371BCA4BB}"
EndProject
Project("{FAE04EC0-301F-11D3-BF4B-00C04F79EFBC}") = "04.WinningTicket", "04.WinningTicket\04.WinningTicket.csproj", "{A930D717-2DFF-4439-8007-3E598CA11863}"
EndProject
Project("{FAE04EC0-301F-11D3-BF4B-00C04F79EFBC}") = "Test", "Test\Test.csproj", "{3B328195-EFEA-4C98-A759-D0D8EE7C661A}"
EndProject
Global
	GlobalSection(SolutionConfigurationPlatforms) = preSolution
		Debug|Any CPU = Debug|Any CPU
		Release|Any CPU = Release|Any CPU
	EndGlobalSection
	GlobalSection(ProjectConfigurationPlatforms) = postSolution
		{0CC3C990-6EA2-4E9D-A965-DE1732B72FF0}.Debug|Any CPU.ActiveCfg = Debug|Any CPU
		{0CC3C990-6EA2-4E9D-A965-DE1732B72FF0}.Debug|Any CPU.Build.0 = Debug|Any CPU
		{0CC3C990-6EA2-4E9D-A965-DE1732B72FF0}.Release|Any CPU.ActiveCfg = Release|Any CPU
		{0CC3C990-6EA2-4E9D-A965-DE1732B72FF0}.Release|Any CPU.Build.0 = Release|Any CPU
		{47BA22A7-CFC4-4CA3-BB04-0FFB9A3BB677}.Debug|Any CPU.ActiveCfg = Debug|Any CPU
		{47BA22A7-CFC4-4CA3-BB04-0FFB9A3BB677}.Debug|Any CPU.Build.0 = Debug|Any CPU
		{47BA22A7-CFC4-4CA3-BB04-0FFB9A3BB677}.Release|Any CPU.ActiveCfg = Release|Any CPU
		{47BA22A7-CFC4-4CA3-BB04-0FFB9A3BB677}.Release|Any CPU.Build.0 = Release|Any CPU
		{F16616F8-EABF-449C-9876-6C3371BCA4BB}.Debug|Any CPU.ActiveCfg = Debug|Any CPU
		{F16616F8-EABF-449C-9876-6C3371BCA4BB}.Debug|Any CPU.Build.0 = Debug|Any CPU
		{F16616F8-EABF-449C-9876-6C3371BCA4BB}.Release|Any CPU.ActiveCfg = Release|Any CPU
		{F16616F8-EABF-449C-9876-6C3371BCA4BB}.Release|Any CPU.Build.0 = Release|Any CPU
		{A930D717-2DFF-4439-8007-3E598CA11863}.Debug|Any CPU.ActiveCfg = Debug|Any CPU
		{A930D717-2DFF-4439-8007-3E598CA11863}.Debug|Any CPU.Build.0 = Debug|Any CPU
		{A930D717-2DFF-4439-8007-3E598CA11863}.Release|Any CPU.ActiveCfg = Release|Any CPU
		{A930D717-2DFF-4439-8007-3E598CA11863}.Release|Any CPU.Build.0 = Release|Any CPU
		{3B328195-EFEA-4C98-A759-D0D8EE7C661A}.Debug|Any CPU.ActiveCfg = Debug|Any CPU
		{3B328195-EFEA-4C98-A759-D0D8EE7C661A}.Debug|Any CPU.Build.0 = Debug|Any CPU
		{3B328195-EFEA-4C98-A759-D0D8EE7C661A}.Release|Any CPU.ActiveCfg = Release|Any CPU
		{3B328195-EFEA-4C98-A759-D0D8EE7C661A}.Release|Any CPU.Build.0 = Release|Any CPU
	EndGlobalSection
	GlobalSection(SolutionProperties) = preSolution
		HideSolutionNode = FALSE
	EndGlobalSection
EndGlobal
